
Microsoft Visual Studio Solution File, Format Version 11.00
# Visual Studio 2010
Project("{FAE04EC0-301F-11D3-BF4B-00C04F79EFBC}") = "gyroTest", "Assembly-CSharp.csproj", "{21504DF1-522E-3C03-B2DE-FBDB45A8207B}"
EndProject
Project("{FAE04EC0-301F-11D3-BF4B-00C04F79EFBC}") = "gyroTest", "Assembly-CSharp-Editor.csproj", "{AE2D75B5-8332-6CB8-AAEE-5B5ABFB2ECBA}"
EndProject
Global
	GlobalSection(SolutionConfigurationPlatforms) = preSolution
		Debug|Any CPU = Debug|Any CPU
		Release|Any CPU = Release|Any CPU
	EndGlobalSection
	GlobalSection(ProjectConfigurationPlatforms) = postSolution
		{21504DF1-522E-3C03-B2DE-FBDB45A8207B}.Debug|Any CPU.ActiveCfg = Debug|Any CPU
		{21504DF1-522E-3C03-B2DE-FBDB45A8207B}.Debug|Any CPU.Build.0 = Debug|Any CPU
		{21504DF1-522E-3C03-B2DE-FBDB45A8207B}.Release|Any CPU.ActiveCfg = Release|Any CPU
		{21504DF1-522E-3C03-B2DE-FBDB45A8207B}.Release|Any CPU.Build.0 = Release|Any CPU
		{AE2D75B5-8332-6CB8-AAEE-5B5ABFB2ECBA}.Debug|Any CPU.ActiveCfg = Debug|Any CPU
		{AE2D75B5-8332-6CB8-AAEE-5B5ABFB2ECBA}.Debug|Any CPU.Build.0 = Debug|Any CPU
		{AE2D75B5-8332-6CB8-AAEE-5B5ABFB2ECBA}.Release|Any CPU.ActiveCfg = Release|Any CPU
		{AE2D75B5-8332-6CB8-AAEE-5B5ABFB2ECBA}.Release|Any CPU.Build.0 = Release|Any CPU
	EndGlobalSection
	GlobalSection(SolutionProperties) = preSolution
		HideSolutionNode = FALSE
	EndGlobalSection
	GlobalSection(MonoDevelopProperties) = preSolution
		StartupItem = Assembly-CSharp.csproj
	EndGlobalSection
EndGlobal
